<Solution>
  <Project Path="BoTech.UI.Forms.Web.Demo/BoTech.UI.Forms.Web.Demo.csproj" />
  <Project Path="BoTech.UI.Forms.Web.Tests/BoTech.UI.Forms.Web.Tests.csproj" />
  <Project Path="BoTech.UI.Forms.Web/BoTech.UI.Forms.Web.csproj" />
  <Project Path="BoTech.UI.Forms/BoTech.UI.Forms.csproj" />
</Solution>
